// !$*UTF8*$!
{
	archiveVersion = 1;
	classes = {
	};
	objectVersion = 46;
	objects = {

/* Begin PBXBuildFile section */
		1A131D521BCEFFF0002BE86A /* readgraph.c in Sources */ = {isa = PBXBuildFile; fileRef = 1A131D501BCEFFF0002BE86A /* readgraph.c */; settings = {ASSET_TAGS = (); }; };
		1A131D541BCF172F002BE86A /* testinput.txt in CopyFiles */ = {isa = PBXBuildFile; fileRef = 1A131D531BCF04B2002BE86A /* testinput.txt */; };
		1A3787BC1BC7032F00AA0DE5 /* main.c in Sources */ = {isa = PBXBuildFile; fileRef = 1A3787BB1BC7032F00AA0DE5 /* main.c */; settings = {ASSET_TAGS = (); }; };
		1A3787BF1BC7297800AA0DE5 /* tarjan.c in Sources */ = {isa = PBXBuildFile; fileRef = 1A3787BD1BC7297800AA0DE5 /* tarjan.c */; settings = {ASSET_TAGS = (); }; };
		1A3787C21BC72C4E00AA0DE5 /* graph.c in Sources */ = {isa = PBXBuildFile; fileRef = 1A3787C01BC72C4E00AA0DE5 /* graph.c */; settings = {ASSET_TAGS = (); }; };
/* End PBXBuildFile section */

/* Begin PBXCopyFilesBuildPhase section */
		1A3787AF1BC702AC00AA0DE5 /* CopyFiles */ = {
			isa = PBXCopyFilesBuildPhase;
			buildActionMask = 12;
			dstPath = "";
			dstSubfolderSpec = 16;
			files = (
				1A131D541BCF172F002BE86A /* testinput.txt in CopyFiles */,
			);
			runOnlyForDeploymentPostprocessing = 0;
		};
/* End PBXCopyFilesBuildPhase section */

/* Begin PBXFileReference section */
		1A131D501BCEFFF0002BE86A /* readgraph.c */ = {isa = PBXFileReference; fileEncoding = 4; lastKnownFileType = sourcecode.c.c; path = readgraph.c; sourceTree = "<group>"; };
		1A131D511BCEFFF0002BE86A /* readgraph.h */ = {isa = PBXFileReference; fileEncoding = 4; lastKnownFileType = sourcecode.c.h; path = readgraph.h; sourceTree = "<group>"; };
		1A131D531BCF04B2002BE86A /* testinput.txt */ = {isa = PBXFileReference; fileEncoding = 4; lastKnownFileType = text; path = testinput.txt; sourceTree = "<group>"; };
		1A3787B11BC702AC00AA0DE5 /* tarjan */ = {isa = PBXFileReference; explicitFileType = "compiled.mach-o.executable"; includeInIndex = 0; path = tarjan; sourceTree = BUILT_PRODUCTS_DIR; };
		1A3787BB1BC7032F00AA0DE5 /* main.c */ = {isa = PBXFileReference; fileEncoding = 4; lastKnownFileType = sourcecode.c.c; path = main.c; sourceTree = "<group>"; };
		1A3787BD1BC7297800AA0DE5 /* tarjan.c */ = {isa = PBXFileReference; fileEncoding = 4; lastKnownFileType = sourcecode.c.c; path = tarjan.c; sourceTree = "<group>"; };
		1A3787BE1BC7297800AA0DE5 /* tarjan.h */ = {isa = PBXFileReference; fileEncoding = 4; lastKnownFileType = sourcecode.c.h; path = tarjan.h; sourceTree = "<group>"; };
		1A3787C01BC72C4E00AA0DE5 /* graph.c */ = {isa = PBXFileReference; fileEncoding = 4; lastKnownFileType = sourcecode.c.c; path = graph.c; sourceTree = "<group>"; };
		1A3787C11BC72C4E00AA0DE5 /* graph.h */ = {isa = PBXFileReference; fileEncoding = 4; lastKnownFileType = sourcecode.c.h; path = graph.h; sourceTree = "<group>"; };
/* End PBXFileReference section */

/* Begin PBXFrameworksBuildPhase section */
		1A3787AE1BC702AC00AA0DE5 /* Frameworks */ = {
			isa = PBXFrameworksBuildPhase;
			buildActionMask = 2147483647;
			files = (
			);
			runOnlyForDeploymentPostprocessing = 0;
		};
/* End PBXFrameworksBuildPhase section */

/* Begin PBXGroup section */
		1A3787A81BC702AC00AA0DE5 = {
			isa = PBXGroup;
			children = (
				1A131D531BCF04B2002BE86A /* testinput.txt */,
				1A131D501BCEFFF0002BE86A /* readgraph.c */,
				1A131D511BCEFFF0002BE86A /* readgraph.h */,
				1A3787C01BC72C4E00AA0DE5 /* graph.c */,
				1A3787C11BC72C4E00AA0DE5 /* graph.h */,
				1A3787BD1BC7297800AA0DE5 /* tarjan.c */,
				1A3787BE1BC7297800AA0DE5 /* tarjan.h */,
				1A3787BB1BC7032F00AA0DE5 /* main.c */,
				1A3787B21BC702AC00AA0DE5 /* Products */,
			);
			sourceTree = "<group>";
		};
		1A3787B21BC702AC00AA0DE5 /* Products */ = {
			isa = PBXGroup;
			children = (
				1A3787B11BC702AC00AA0DE5 /* tarjan */,
			);
			name = Products;
			sourceTree = "<group>";
		};
/* End PBXGroup section */

/* Begin PBXNativeTarget section */
		1A3787B01BC702AC00AA0DE5 /* tarjan */ = {
			isa = PBXNativeTarget;
			buildConfigurationList = 1A3787B81BC702AC00AA0DE5 /* Build configuration list for PBXNativeTarget "tarjan" */;
			buildPhases = (
				1A3787AD1BC702AC00AA0DE5 /* Sources */,
				1A3787AE1BC702AC00AA0DE5 /* Frameworks */,
				1A3787AF1BC702AC00AA0DE5 /* CopyFiles */,
			);
			buildRules = (
			);
			dependencies = (
			);
			name = tarjan;
			productName = tarjan;
			productReference = 1A3787B11BC702AC00AA0DE5 /* tarjan */;
			productType = "com.apple.product-type.tool";
		};
/* End PBXNativeTarget section */

/* Begin PBXProject section */
		1A3787A91BC702AC00AA0DE5 /* Project object */ = {
			isa = PBXProject;
			attributes = {
				LastUpgradeCheck = 0700;
				ORGANIZATIONNAME = "James Peach";
				TargetAttributes = {
					1A3787B01BC702AC00AA0DE5 = {
						CreatedOnToolsVersion = 7.0.1;
					};
				};
			};
			buildConfigurationList = 1A3787AC1BC702AC00AA0DE5 /* Build configuration list for PBXProject "tarjan" */;
			compatibilityVersion = "Xcode 3.2";
			developmentRegion = English;
			hasScannedForEncodings = 0;
			knownRegions = (
				en,
			);
			mainGroup = 1A3787A81BC702AC00AA0DE5;
			productRefGroup = 1A3787B21BC702AC00AA0DE5 /* Products */;
			projectDirPath = "";
			projectRoot = "";
			targets = (
				1A3787B01BC702AC00AA0DE5 /* tarjan */,
			);
		};
/* End PBXProject section */

/* Begin PBXSourcesBuildPhase section */
		1A3787AD1BC702AC00AA0DE5 /* Sources */ = {
			isa = PBXSourcesBuildPhase;
			buildActionMask = 2147483647;
			files = (
				1A3787C21BC72C4E00AA0DE5 /* graph.c in Sources */,
				1A3787BC1BC7032F00AA0DE5 /* main.c in Sources */,
				1A131D521BCEFFF0002BE86A /* readgraph.c in Sources */,
				1A3787BF1BC7297800AA0DE5 /* tarjan.c in Sources */,
			);
			runOnlyForDeploymentPostprocessing = 0;
		};
/* End PBXSourcesBuildPhase section */

/* Begin XCBuildConfiguration section */
		1A3787B61BC702AC00AA0DE5 /* Debug */ = {
			isa = XCBuildConfiguration;
			buildSettings = {
				ALWAYS_SEARCH_USER_PATHS = NO;
				CLANG_CXX_LANGUAGE_STANDARD = "gnu++0x";
				CLANG_CXX_LIBRARY = "libc++";
				CLANG_ENABLE_MODULES = YES;
				CLANG_ENABLE_OBJC_ARC = YES;
				CLANG_WARN_BOOL_CONVERSION = YES;
				CLANG_WARN_CONSTANT_CONVERSION = YES;
				CLANG_WARN_DIRECT_OBJC_ISA_USAGE = YES_ERROR;
				CLANG_WARN_EMPTY_BODY = YES;
				CLANG_WARN_ENUM_CONVERSION = YES;
				CLANG_WARN_INT_CONVERSION = YES;
				CLANG_WARN_OBJC_ROOT_CLASS = YES_ERROR;
				CLANG_WARN_UNREACHABLE_CODE = YES;
				CLANG_WARN__DUPLICATE_METHOD_MATCH = YES;
				COPY_PHASE_STRIP = NO;
				DEBUG_INFORMATION_FORMAT = dwarf;
				ENABLE_STRICT_OBJC_MSGSEND = YES;
				ENABLE_TESTABILITY = YES;
				GCC_C_LANGUAGE_STANDARD = gnu99;
				GCC_DYNAMIC_NO_PIC = NO;
				GCC_NO_COMMON_BLOCKS = YES;
				GCC_OPTIMIZATION_LEVEL = 0;
				GCC_PREPROCESSOR_DEFINITIONS = (
					"DEBUG=1",
					"$(inherited)",
				);
				GCC_WARN_64_TO_32_BIT_CONVERSION = YES;
				GCC_WARN_ABOUT_RETURN_TYPE = YES_ERROR;
				GCC_WARN_UNDECLARED_SELECTOR = YES;
				GCC_WARN_UNINITIALIZED_AUTOS = YES_AGGRESSIVE;
				GCC_WARN_UNUSED_FUNCTION = YES;
				GCC_WARN_UNUSED_VARIABLE = YES;
				MACOSX_DEPLOYMENT_TARGET = 10.11;
				MTL_ENABLE_DEBUG_INFO = YES;
				ONLY_ACTIVE_ARCH = YES;
				SDKROOT = macosx;
			};
			name = Debug;
		};
		1A3787B71BC702AC00AA0DE5 /* Release */ = {
			isa = XCBuildConfiguration;
			buildSettings = {
				ALWAYS_SEARCH_USER_PATHS = NO;
				CLANG_CXX_LANGUAGE_STANDARD = "gnu++0x";
				CLANG_CXX_LIBRARY = "libc++";
				CLANG_ENABLE_MODULES = YES;
				CLANG_ENABLE_OBJC_ARC = YES;
				CLANG_WARN_BOOL_CONVERSION = YES;
				CLANG_WARN_CONSTANT_CONVERSION = YES;
				CLANG_WARN_DIRECT_OBJC_ISA_USAGE = YES_ERROR;
				CLANG_WARN_EMPTY_BODY = YES;
				CLANG_WARN_ENUM_CONVERSION = YES;
				CLANG_WARN_INT_CONVERSION = YES;
				CLANG_WARN_OBJC_ROOT_CLASS = YES_ERROR;
				CLANG_WARN_UNREACHABLE_CODE = YES;
				CLANG_WARN__DUPLICATE_METHOD_MATCH = YES;
				COPY_PHASE_STRIP = NO;
				DEBUG_INFORMATION_FORMAT = "dwarf-with-dsym";
				ENABLE_NS_ASSERTIONS = NO;
				ENABLE_STRICT_OBJC_MSGSEND = YES;
				GCC_C_LANGUAGE_STANDARD = gnu99;
				GCC_NO_COMMON_BLOCKS = YES;
				GCC_WARN_64_TO_32_BIT_CONVERSION = YES;
				GCC_WARN_ABOUT_RETURN_TYPE = YES_ERROR;
				GCC_WARN_UNDECLARED_SELECTOR = YES;
				GCC_WARN_UNINITIALIZED_AUTOS = YES_AGGRESSIVE;
				GCC_WARN_UNUSED_FUNCTION = YES;
				GCC_WARN_UNUSED_VARIABLE = YES;
				MACOSX_DEPLOYMENT_TARGET = 10.11;
				MTL_ENABLE_DEBUG_INFO = NO;
				SDKROOT = macosx;
			};
			name = Release;
		};
		1A3787B91BC702AC00AA0DE5 /* Debug */ = {
			isa = XCBuildConfiguration;
			buildSettings = {
				PRODUCT_NAME = "$(TARGET_NAME)";
			};
			name = Debug;
		};
		1A3787BA1BC702AC00AA0DE5 /* Release */ = {
			isa = XCBuildConfiguration;
			buildSettings = {
				PRODUCT_NAME = "$(TARGET_NAME)";
			};
			name = Release;
		};
/* End XCBuildConfiguration section */

/* Begin XCConfigurationList section */
		1A3787AC1BC702AC00AA0DE5 /* Build configuration list for PBXProject "tarjan" */ = {
			isa = XCConfigurationList;
			buildConfigurations = (
				1A3787B61BC702AC00AA0DE5 /* Debug */,
				1A3787B71BC702AC00AA0DE5 /* Release */,
			);
			defaultConfigurationIsVisible = 0;
			defaultConfigurationName = Release;
		};
		1A3787B81BC702AC00AA0DE5 /* Build configuration list for PBXNativeTarget "tarjan" */ = {
			isa = XCConfigurationList;
			buildConfigurations = (
				1A3787B91BC702AC00AA0DE5 /* Debug */,
				1A3787BA1BC702AC00AA0DE5 /* Release */,
			);
			defaultConfigurationIsVisible = 0;
			defaultConfigurationName = Release;
		};
/* End XCConfigurationList section */
	};
	rootObject = 1A3787A91BC702AC00AA0DE5 /* Project object */;
}
